// !$*UTF8*$!
{
	archiveVersion = 1;
	classes = {
	};
	objectVersion = 46;
	objects = {

/* Begin PBXBuildFile section */
		F92FE1901DA7CE5000A12827 /* AppDelegate.swift in Sources */ = {isa = PBXBuildFile; fileRef = F92FE18F1DA7CE5000A12827 /* AppDelegate.swift */; };
		F92FE1921DA7CE5000A12827 /* ViewController.swift in Sources */ = {isa = PBXBuildFile; fileRef = F92FE1911DA7CE5000A12827 /* ViewController.swift */; };
		F92FE1951DA7CE5000A12827 /* Main.storyboard in Resources */ = {isa = PBXBuildFile; fileRef = F92FE1931DA7CE5000A12827 /* Main.storyboard */; };
		F92FE1981DA7CE5000A12827 /* oneMoreSample.xcdatamodeld in Sources */ = {isa = PBXBuildFile; fileRef = F92FE1961DA7CE5000A12827 /* oneMoreSample.xcdatamodeld */; };
		F92FE19A1DA7CE5000A12827 /* Assets.xcassets in Resources */ = {isa = PBXBuildFile; fileRef = F92FE1991DA7CE5000A12827 /* Assets.xcassets */; };
		F92FE19D1DA7CE5000A12827 /* LaunchScreen.storyboard in Resources */ = {isa = PBXBuildFile; fileRef = F92FE19B1DA7CE5000A12827 /* LaunchScreen.storyboard */; };
/* End PBXBuildFile section */

/* Begin PBXFileReference section */
		F92FE18C1DA7CE5000A12827 /* oneMoreSample.app */ = {isa = PBXFileReference; explicitFileType = wrapper.application; includeInIndex = 0; path = oneMoreSample.app; sourceTree = BUILT_PRODUCTS_DIR; };
		F92FE18F1DA7CE5000A12827 /* AppDelegate.swift */ = {isa = PBXFileReference; lastKnownFileType = sourcecode.swift; path = AppDelegate.swift; sourceTree = "<group>"; };
		F92FE1911DA7CE5000A12827 /* ViewController.swift */ = {isa = PBXFileReference; lastKnownFileType = sourcecode.swift; path = ViewController.swift; sourceTree = "<group>"; };
		F92FE1941DA7CE5000A12827 /* Base */ = {isa = PBXFileReference; lastKnownFileType = file.storyboard; name = Base; path = Base.lproj/Main.storyboard; sourceTree = "<group>"; };
		F92FE1971DA7CE5000A12827 /* oneMoreSample.xcdatamodel */ = {isa = PBXFileReference; lastKnownFileType = wrapper.xcdatamodel; path = oneMoreSample.xcdatamodel; sourceTree = "<group>"; };
		F92FE1991DA7CE5000A12827 /* Assets.xcassets */ = {isa = PBXFileReference; lastKnownFileType = folder.assetcatalog; path = Assets.xcassets; sourceTree = "<group>"; };
		F92FE19C1DA7CE5000A12827 /* Base */ = {isa = PBXFileReference; lastKnownFileType = file.storyboard; name = Base; path = Base.lproj/LaunchScreen.storyboard; sourceTree = "<group>"; };
		F92FE19E1DA7CE5000A12827 /* Info.plist */ = {isa = PBXFileReference; lastKnownFileType = text.plist.xml; path = Info.plist; sourceTree = "<group>"; };
/* End PBXFileReference section */

/* Begin PBXFrameworksBuildPhase section */
		F92FE1891DA7CE5000A12827 /* Frameworks */ = {
			isa = PBXFrameworksBuildPhase;
			buildActionMask = 2147483647;
			files = (
			);
			runOnlyForDeploymentPostprocessing = 0;
		};
/* End PBXFrameworksBuildPhase section */

/* Begin PBXGroup section */
		F92FE1831DA7CE5000A12827 = {
			isa = PBXGroup;
			children = (
				F92FE18E1DA7CE5000A12827 /* oneMoreSample */,
				F92FE18D1DA7CE5000A12827 /* Products */,
			);
			sourceTree = "<group>";
		};
		F92FE18D1DA7CE5000A12827 /* Products */ = {
			isa = PBXGroup;
			children = (
				F92FE18C1DA7CE5000A12827 /* oneMoreSample.app */,
			);
			name = Products;
			sourceTree = "<group>";
		};
		F92FE18E1DA7CE5000A12827 /* oneMoreSample */ = {
			isa = PBXGroup;
			children = (
				F92FE18F1DA7CE5000A12827 /* AppDelegate.swift */,
				F92FE1911DA7CE5000A12827 /* ViewController.swift */,
				F92FE1931DA7CE5000A12827 /* Main.storyboard */,
				F92FE1991DA7CE5000A12827 /* Assets.xcassets */,
				F92FE19B1DA7CE5000A12827 /* LaunchScreen.storyboard */,
				F92FE19E1DA7CE5000A12827 /* Info.plist */,
				F92FE1961DA7CE5000A12827 /* oneMoreSample.xcdatamodeld */,
			);
			path = oneMoreSample;
			sourceTree = "<group>";
		};
/* End PBXGroup section */

/* Begin PBXNativeTarget section */
		F92FE18B1DA7CE5000A12827 /* oneMoreSample */ = {
			isa = PBXNativeTarget;
			buildConfigurationList = F92FE1A11DA7CE5000A12827 /* Build configuration list for PBXNativeTarget "oneMoreSample" */;
			buildPhases = (
				F92FE1881DA7CE5000A12827 /* Sources */,
				F92FE1891DA7CE5000A12827 /* Frameworks */,
				F92FE18A1DA7CE5000A12827 /* Resources */,
			);
			buildRules = (
			);
			dependencies = (
			);
			name = oneMoreSample;
			productName = oneMoreSample;
			productReference = F92FE18C1DA7CE5000A12827 /* oneMoreSample.app */;
			productType = "com.apple.product-type.application";
		};
/* End PBXNativeTarget section */

/* Begin PBXProject section */
		F92FE1841DA7CE5000A12827 /* Project object */ = {
			isa = PBXProject;
			attributes = {
				LastSwiftUpdateCheck = 0800;
				LastUpgradeCheck = 0800;
				ORGANIZATIONNAME = Ashok;
				TargetAttributes = {
					F92FE18B1DA7CE5000A12827 = {
						CreatedOnToolsVersion = 8.0;
						LastSwiftMigration = 0800;
						ProvisioningStyle = Automatic;
					};
				};
			};
			buildConfigurationList = F92FE1871DA7CE5000A12827 /* Build configuration list for PBXProject "oneMoreSample" */;
			compatibilityVersion = "Xcode 3.2";
			developmentRegion = English;
			hasScannedForEncodings = 0;
			knownRegions = (
				en,
				Base,
			);
			mainGroup = F92FE1831DA7CE5000A12827;
			productRefGroup = F92FE18D1DA7CE5000A12827 /* Products */;
			projectDirPath = "";
			projectRoot = "";
			targets = (
				F92FE18B1DA7CE5000A12827 /* oneMoreSample */,
			);
		};
/* End PBXProject section */

/* Begin PBXResourcesBuildPhase section */
		F92FE18A1DA7CE5000A12827 /* Resources */ = {
			isa = PBXResourcesBuildPhase;
			buildActionMask = 2147483647;
			files = (
				F92FE19D1DA7CE5000A12827 /* LaunchScreen.storyboard in Resources */,
				F92FE19A1DA7CE5000A12827 /* Assets.xcassets in Resources */,
				F92FE1951DA7CE5000A12827 /* Main.storyboard in Resources */,
			);
			runOnlyForDeploymentPostprocessing = 0;
		};
/* End PBXResourcesBuildPhase section */

/* Begin PBXSourcesBuildPhase section */
		F92FE1881DA7CE5000A12827 /* Sources */ = {
			isa = PBXSourcesBuildPhase;
			buildActionMask = 2147483647;
			files = (
				F92FE1921DA7CE5000A12827 /* ViewController.swift in Sources */,
				F92FE1901DA7CE5000A12827 /* AppDelegate.swift in Sources */,
				F92FE1981DA7CE5000A12827 /* oneMoreSample.xcdatamodeld in Sources */,
			);
			runOnlyForDeploymentPostprocessing = 0;
		};
/* End PBXSourcesBuildPhase section */

/* Begin PBXVariantGroup section */
		F92FE1931DA7CE5000A12827 /* Main.storyboard */ = {
			isa = PBXVariantGroup;
			children = (
				F92FE1941DA7CE5000A12827 /* Base */,
			);
			name = Main.storyboard;
			sourceTree = "<group>";
		};
		F92FE19B1DA7CE5000A12827 /* LaunchScreen.storyboard */ = {
			isa = PBXVariantGroup;
			children = (
				F92FE19C1DA7CE5000A12827 /* Base */,
			);
			name = LaunchScreen.storyboard;
			sourceTree = "<group>";
		};
/* End PBXVariantGroup section */

/* Begin XCBuildConfiguration section */
		F92FE19F1DA7CE5000A12827 /* Debug */ = {
			isa = XCBuildConfiguration;
			buildSettings = {
				ALWAYS_SEARCH_USER_PATHS = NO;
				CLANG_ANALYZER_NONNULL = YES;
				CLANG_CXX_LANGUAGE_STANDARD = "gnu++0x";
				CLANG_CXX_LIBRARY = "libc++";
				CLANG_ENABLE_MODULES = YES;
				CLANG_ENABLE_OBJC_ARC = YES;
				CLANG_WARN_BOOL_CONVERSION = YES;
				CLANG_WARN_CONSTANT_CONVERSION = YES;
				CLANG_WARN_DIRECT_OBJC_ISA_USAGE = YES_ERROR;
				CLANG_WARN_DOCUMENTATION_COMMENTS = YES;
				CLANG_WARN_EMPTY_BODY = YES;
				CLANG_WARN_ENUM_CONVERSION = YES;
				CLANG_WARN_INFINITE_RECURSION = YES;
				CLANG_WARN_INT_CONVERSION = YES;
				CLANG_WARN_OBJC_ROOT_CLASS = YES_ERROR;
				CLANG_WARN_SUSPICIOUS_MOVES = YES;
				CLANG_WARN_UNREACHABLE_CODE = YES;
				CLANG_WARN__DUPLICATE_METHOD_MATCH = YES;
				"CODE_SIGN_IDENTITY[sdk=iphoneos*]" = "iPhone Developer";
				COPY_PHASE_STRIP = NO;
				DEBUG_INFORMATION_FORMAT = dwarf;
				ENABLE_STRICT_OBJC_MSGSEND = YES;
				ENABLE_TESTABILITY = YES;
				GCC_C_LANGUAGE_STANDARD = gnu99;
				GCC_DYNAMIC_NO_PIC = NO;
				GCC_NO_COMMON_BLOCKS = YES;
				GCC_OPTIMIZATION_LEVEL = 0;
				GCC_PREPROCESSOR_DEFINITIONS = (
					"DEBUG=1",
					"$(inherited)",
				);
				GCC_WARN_64_TO_32_BIT_CONVERSION = YES;
				GCC_WARN_ABOUT_RETURN_TYPE = YES_ERROR;
				GCC_WARN_UNDECLARED_SELECTOR = YES;
				GCC_WARN_UNINITIALIZED_AUTOS = YES_AGGRESSIVE;
				GCC_WARN_UNUSED_FUNCTION = YES;
				GCC_WARN_UNUSED_VARIABLE = YES;
				IPHONEOS_DEPLOYMENT_TARGET = 10.0;
				MTL_ENABLE_DEBUG_INFO = YES;
				ONLY_ACTIVE_ARCH = YES;
				SDKROOT = iphoneos;
				SWIFT_ACTIVE_COMPILATION_CONDITIONS = DEBUG;
				SWIFT_OPTIMIZATION_LEVEL = "-Onone";
				TARGETED_DEVICE_FAMILY = "1,2";
			};
			name = Debug;
		};
		F92FE1A01DA7CE5000A12827 /* Release */ = {
			isa = XCBuildConfiguration;
			buildSettings = {
				ALWAYS_SEARCH_USER_PATHS = NO;
				CLANG_ANALYZER_NONNULL = YES;
				CLANG_CXX_LANGUAGE_STANDARD = "gnu++0x";
				CLANG_CXX_LIBRARY = "libc++";
				CLANG_ENABLE_MODULES = YES;
				CLANG_ENABLE_OBJC_ARC = YES;
				CLANG_WARN_BOOL_CONVERSION = YES;
				CLANG_WARN_CONSTANT_CONVERSION = YES;
				CLANG_WARN_DIRECT_OBJC_ISA_USAGE = YES_ERROR;
				CLANG_WARN_DOCUMENTATION_COMMENTS = YES;
				CLANG_WARN_EMPTY_BODY = YES;
				CLANG_WARN_ENUM_CONVERSION = YES;
				CLANG_WARN_INFINITE_RECURSION = YES;
				CLANG_WARN_INT_CONVERSION = YES;
				CLANG_WARN_OBJC_ROOT_CLASS = YES_ERROR;
				CLANG_WARN_SUSPICIOUS_MOVES = YES;
				CLANG_WARN_UNREACHABLE_CODE = YES;
				CLANG_WARN__DUPLICATE_METHOD_MATCH = YES;
				"CODE_SIGN_IDENTITY[sdk=iphoneos*]" = "iPhone Developer";
				COPY_PHASE_STRIP = NO;
				DEBUG_INFORMATION_FORMAT = "dwarf-with-dsym";
				ENABLE_NS_ASSERTIONS = NO;
				ENABLE_STRICT_OBJC_MSGSEND = YES;
				GCC_C_LANGUAGE_STANDARD = gnu99;
				GCC_NO_COMMON_BLOCKS = YES;
				GCC_WARN_64_TO_32_BIT_CONVERSION = YES;
				GCC_WARN_ABOUT_RETURN_TYPE = YES_ERROR;
				GCC_WARN_UNDECLARED_SELECTOR = YES;
				GCC_WARN_UNINITIALIZED_AUTOS = YES_AGGRESSIVE;
				GCC_WARN_UNUSED_FUNCTION = YES;
				GCC_WARN_UNUSED_VARIABLE = YES;
				IPHONEOS_DEPLOYMENT_TARGET = 10.0;
				MTL_ENABLE_DEBUG_INFO = NO;
				SDKROOT = iphoneos;
				SWIFT_OPTIMIZATION_LEVEL = "-Owholemodule";
				TARGETED_DEVICE_FAMILY = "1,2";
				VALIDATE_PRODUCT = YES;
			};
			name = Release;
		};
		F92FE1A21DA7CE5000A12827 /* Debug */ = {
			isa = XCBuildConfiguration;
			buildSettings = {
				ASSETCATALOG_COMPILER_APPICON_NAME = AppIcon;
				CLANG_ENABLE_MODULES = YES;
				INFOPLIST_FILE = oneMoreSample/Info.plist;
				LD_RUNPATH_SEARCH_PATHS = "$(inherited) @executable_path/Frameworks";
				PRODUCT_BUNDLE_IDENTIFIER = com.InspireME.oneMoreSample;
				PRODUCT_NAME = "$(TARGET_NAME)";
				SWIFT_OBJC_BRIDGING_HEADER = "";
				SWIFT_OPTIMIZATION_LEVEL = "-Onone";
				SWIFT_VERSION = 3.0;
			};
			name = Debug;
		};
		F92FE1A31DA7CE5000A12827 /* Release */ = {
			isa = XCBuildConfiguration;
			buildSettings = {
				ASSETCATALOG_COMPILER_APPICON_NAME = AppIcon;
				CLANG_ENABLE_MODULES = YES;
				INFOPLIST_FILE = oneMoreSample/Info.plist;
				LD_RUNPATH_SEARCH_PATHS = "$(inherited) @executable_path/Frameworks";
				PRODUCT_BUNDLE_IDENTIFIER = com.InspireME.oneMoreSample;
				PRODUCT_NAME = "$(TARGET_NAME)";
				SWIFT_OBJC_BRIDGING_HEADER = "";
				SWIFT_VERSION = 3.0;
			};
			name = Release;
		};
/* End XCBuildConfiguration section */

/* Begin XCConfigurationList section */
		F92FE1871DA7CE5000A12827 /* Build configuration list for PBXProject "oneMoreSample" */ = {
			isa = XCConfigurationList;
			buildConfigurations = (
				F92FE19F1DA7CE5000A12827 /* Debug */,
				F92FE1A01DA7CE5000A12827 /* Release */,
			);
			defaultConfigurationIsVisible = 0;
			defaultConfigurationName = Release;
		};
		F92FE1A11DA7CE5000A12827 /* Build configuration list for PBXNativeTarget "oneMoreSample" */ = {
			isa = XCConfigurationList;
			buildConfigurations = (
				F92FE1A21DA7CE5000A12827 /* Debug */,
				F92FE1A31DA7CE5000A12827 /* Release */,
			);
			defaultConfigurationIsVisible = 0;
			defaultConfigurationName = Release;
		};
/* End XCConfigurationList section */

/* Begin XCVersionGroup section */
		F92FE1961DA7CE5000A12827 /* oneMoreSample.xcdatamodeld */ = {
			isa = XCVersionGroup;
			children = (
				F92FE1971DA7CE5000A12827 /* oneMoreSample.xcdatamodel */,
			);
			currentVersion = F92FE1971DA7CE5000A12827 /* oneMoreSample.xcdatamodel */;
			path = oneMoreSample.xcdatamodeld;
			sourceTree = "<group>";
			versionGroupType = wrapper.xcdatamodel;
		};
/* End XCVersionGroup section */
	};
	rootObject = F92FE1841DA7CE5000A12827 /* Project object */;
}
